
Microsoft Visual Studio Solution File, Format Version 12.00
# Visual Studio 2012
Project("{FAE04EC0-301F-11D3-BF4B-00C04F79EFBC}") = "804ManchesterHomeControl", "804ManchesterHomeControl\804ManchesterHomeControl.csproj", "{3D3677BD-BAFF-43C5-B728-3D042A3EB696}"
EndProject
Global
	GlobalSection(SolutionConfigurationPlatforms) = preSolution
		Debug|Any CPU = Debug|Any CPU
		Release|Any CPU = Release|Any CPU
	EndGlobalSection
	GlobalSection(ProjectConfigurationPlatforms) = postSolution
		{3D3677BD-BAFF-43C5-B728-3D042A3EB696}.Debug|Any CPU.ActiveCfg = Debug|Any CPU
		{3D3677BD-BAFF-43C5-B728-3D042A3EB696}.Debug|Any CPU.Build.0 = Debug|Any CPU
		{3D3677BD-BAFF-43C5-B728-3D042A3EB696}.Release|Any CPU.ActiveCfg = Release|Any CPU
		{3D3677BD-BAFF-43C5-B728-3D042A3EB696}.Release|Any CPU.Build.0 = Release|Any CPU
	EndGlobalSection
	GlobalSection(SolutionProperties) = preSolution
		HideSolutionNode = FALSE
	EndGlobalSection
EndGlobal
